Microsoft Visual Studio Solution File, Format Version 11.00
# Visual Studio 2008

Project("{C4B538A0-555E-D08B-2D85-18311855F03A}") = "WaWaJi", "Assembly-CSharp.csproj", "{0FA39F2E-86D6-F142-25B5-9419E1969CEC}"
EndProject
Project("{C4B538A0-555E-D08B-2D85-18311855F03A}") = "WaWaJi", "Assembly-CSharp-Editor.csproj", "{7396C37B-1749-3AC8-4E83-518E0266C1C0}"
EndProject
Global
	GlobalSection(SolutionConfigurationPlatforms) = preSolution
		Debug|Any CPU = Debug|Any CPU
		Release|Any CPU = Release|Any CPU
	EndGlobalSection
	GlobalSection(ProjectConfigurationPlatforms) = postSolution
		{0FA39F2E-86D6-F142-25B5-9419E1969CEC}.Debug|Any CPU.ActiveCfg = Debug|Any CPU
		{0FA39F2E-86D6-F142-25B5-9419E1969CEC}.Debug|Any CPU.Build.0 = Debug|Any CPU
		{0FA39F2E-86D6-F142-25B5-9419E1969CEC}.Release|Any CPU.ActiveCfg = Release|Any CPU
		{0FA39F2E-86D6-F142-25B5-9419E1969CEC}.Release|Any CPU.Build.0 = Release|Any CPU
		{7396C37B-1749-3AC8-4E83-518E0266C1C0}.Debug|Any CPU.ActiveCfg = Debug|Any CPU
		{7396C37B-1749-3AC8-4E83-518E0266C1C0}.Debug|Any CPU.Build.0 = Debug|Any CPU
		{7396C37B-1749-3AC8-4E83-518E0266C1C0}.Release|Any CPU.ActiveCfg = Release|Any CPU
		{7396C37B-1749-3AC8-4E83-518E0266C1C0}.Release|Any CPU.Build.0 = Release|Any CPU
	EndGlobalSection
	GlobalSection(SolutionProperties) = preSolution
		HideSolutionNode = FALSE
	EndGlobalSection
	GlobalSection(MonoDevelopProperties) = preSolution
		StartupItem = Assembly-CSharp.csproj
	EndGlobalSection
EndGlobal
